
Microsoft Visual Studio Solution File, Format Version 12.00
# Visual Studio Version 17
VisualStudioVersion = 17.6.33723.286
MinimumVisualStudioVersion = 10.0.40219.1
Project("{FAE04EC0-301F-11D3-BF4B-00C04F79EFBC}") = "WpfMvvmTutorial", "WpfMvvmTutorial\WpfMvvmTutorial.csproj", "{E496ED37-8BE9-4EA8-88BC-220E358DF094}"
EndProject
Global
	GlobalSection(SolutionConfigurationPlatforms) = preSolution
		Debug|Any CPU = Debug|Any CPU
		Release|Any CPU = Release|Any CPU
	EndGlobalSection
	GlobalSection(ProjectConfigurationPlatforms) = postSolution
		{E496ED37-8BE9-4EA8-88BC-220E358DF094}.Debug|Any CPU.ActiveCfg = Debug|Any CPU
		{E496ED37-8BE9-4EA8-88BC-220E358DF094}.Debug|Any CPU.Build.0 = Debug|Any CPU
		{E496ED37-8BE9-4EA8-88BC-220E358DF094}.Release|Any CPU.ActiveCfg = Release|Any CPU
		{E496ED37-8BE9-4EA8-88BC-220E358DF094}.Release|Any CPU.Build.0 = Release|Any CPU
	EndGlobalSection
	GlobalSection(SolutionProperties) = preSolution
		HideSolutionNode = FALSE
	EndGlobalSection
	GlobalSection(ExtensibilityGlobals) = postSolution
		SolutionGuid = {AF4F203F-50E3-4CAF-A83E-71D3DE192F84}
	EndGlobalSection
EndGlobal
